
Microsoft Visual Studio Solution File, Format Version 12.00
# Visual Studio Version 17
VisualStudioVersion = 17.8.34316.72
MinimumVisualStudioVersion = 10.0.40219.1
Project("{FAE04EC0-301F-11D3-BF4B-00C04F79EFBC}") = "Booking", "Booking\Booking.csproj", "{3967F6AE-1128-4DCE-BA3D-841497FBDD70}"
EndProject
Project("{FAE04EC0-301F-11D3-BF4B-00C04F79EFBC}") = "Booking.Domain", "Booking.Domain\Booking.Domain.csproj", "{C9F34CFE-EF6C-4F0E-8C3C-21A6FBD1F40C}"
EndProject
Project("{FAE04EC0-301F-11D3-BF4B-00C04F79EFBC}") = "Booking.Application", "Booking.Application\Booking.Application.csproj", "{6BB2BBFC-A4D7-4838-8B5B-844EC7B583A5}"
EndProject
Project("{FAE04EC0-301F-11D3-BF4B-00C04F79EFBC}") = "Booking.Infrustucture", "Booking.Infrustucture\Booking.Infrustucture.csproj", "{35CF4B44-3E22-41AE-BBA0-49485A804DC6}"
EndProject
Global
	GlobalSection(SolutionConfigurationPlatforms) = preSolution
		Debug|Any CPU = Debug|Any CPU
		Release|Any CPU = Release|Any CPU
	EndGlobalSection
	GlobalSection(ProjectConfigurationPlatforms) = postSolution
		{3967F6AE-1128-4DCE-BA3D-841497FBDD70}.Debug|Any CPU.ActiveCfg = Debug|Any CPU
		{3967F6AE-1128-4DCE-BA3D-841497FBDD70}.Debug|Any CPU.Build.0 = Debug|Any CPU
		{3967F6AE-1128-4DCE-BA3D-841497FBDD70}.Release|Any CPU.ActiveCfg = Release|Any CPU
		{3967F6AE-1128-4DCE-BA3D-841497FBDD70}.Release|Any CPU.Build.0 = Release|Any CPU
		{C9F34CFE-EF6C-4F0E-8C3C-21A6FBD1F40C}.Debug|Any CPU.ActiveCfg = Debug|Any CPU
		{C9F34CFE-EF6C-4F0E-8C3C-21A6FBD1F40C}.Debug|Any CPU.Build.0 = Debug|Any CPU
		{C9F34CFE-EF6C-4F0E-8C3C-21A6FBD1F40C}.Release|Any CPU.ActiveCfg = Release|Any CPU
		{C9F34CFE-EF6C-4F0E-8C3C-21A6FBD1F40C}.Release|Any CPU.Build.0 = Release|Any CPU
		{6BB2BBFC-A4D7-4838-8B5B-844EC7B583A5}.Debug|Any CPU.ActiveCfg = Debug|Any CPU
		{6BB2BBFC-A4D7-4838-8B5B-844EC7B583A5}.Debug|Any CPU.Build.0 = Debug|Any CPU
		{6BB2BBFC-A4D7-4838-8B5B-844EC7B583A5}.Release|Any CPU.ActiveCfg = Release|Any CPU
		{6BB2BBFC-A4D7-4838-8B5B-844EC7B583A5}.Release|Any CPU.Build.0 = Release|Any CPU
		{35CF4B44-3E22-41AE-BBA0-49485A804DC6}.Debug|Any CPU.ActiveCfg = Debug|Any CPU
		{35CF4B44-3E22-41AE-BBA0-49485A804DC6}.Debug|Any CPU.Build.0 = Debug|Any CPU
		{35CF4B44-3E22-41AE-BBA0-49485A804DC6}.Release|Any CPU.ActiveCfg = Release|Any CPU
		{35CF4B44-3E22-41AE-BBA0-49485A804DC6}.Release|Any CPU.Build.0 = Release|Any CPU
	EndGlobalSection
	GlobalSection(SolutionProperties) = preSolution
		HideSolutionNode = FALSE
	EndGlobalSection
	GlobalSection(ExtensibilityGlobals) = postSolution
		SolutionGuid = {9CCF5A80-B534-4627-8E17-C86CA94BF371}
	EndGlobalSection
EndGlobal
